
Microsoft Visual Studio Solution File, Format Version 12.00
# Visual Studio Version 17
VisualStudioVersion = 17.6.33815.320
MinimumVisualStudioVersion = 10.0.40219.1
Project("{FAE04EC0-301F-11D3-BF4B-00C04F79EFBC}") = "keyvault", "keyvault.csproj", "{F44714F9-1563-411C-8F57-FF30F86DE5BC}"
EndProject
Global
	GlobalSection(SolutionConfigurationPlatforms) = preSolution
		Debug|Any CPU = Debug|Any CPU
		Release|Any CPU = Release|Any CPU
	EndGlobalSection
	GlobalSection(ProjectConfigurationPlatforms) = postSolution
		{F44714F9-1563-411C-8F57-FF30F86DE5BC}.Debug|Any CPU.ActiveCfg = Debug|Any CPU
		{F44714F9-1563-411C-8F57-FF30F86DE5BC}.Debug|Any CPU.Build.0 = Debug|Any CPU
		{F44714F9-1563-411C-8F57-FF30F86DE5BC}.Release|Any CPU.ActiveCfg = Release|Any CPU
		{F44714F9-1563-411C-8F57-FF30F86DE5BC}.Release|Any CPU.Build.0 = Release|Any CPU
	EndGlobalSection
	GlobalSection(SolutionProperties) = preSolution
		HideSolutionNode = FALSE
	EndGlobalSection
	GlobalSection(ExtensibilityGlobals) = postSolution
		SolutionGuid = {207DD12A-268F-4C4F-88CF-2B882A1F9730}
	EndGlobalSection
EndGlobal
