
Microsoft Visual Studio Solution File, Format Version 12.00
# Visual Studio Version 17
VisualStudioVersion = 17.6.33815.320
MinimumVisualStudioVersion = 10.0.40219.1
Project("{FAE04EC0-301F-11D3-BF4B-00C04F79EFBC}") = "DemoApp", "DemoApp.csproj", "{010FCEDA-EB48-4C6C-8BB1-BB195C252F7E}"
EndProject
Global
	GlobalSection(SolutionConfigurationPlatforms) = preSolution
		Debug|Any CPU = Debug|Any CPU
		Release|Any CPU = Release|Any CPU
	EndGlobalSection
	GlobalSection(ProjectConfigurationPlatforms) = postSolution
		{010FCEDA-EB48-4C6C-8BB1-BB195C252F7E}.Debug|Any CPU.ActiveCfg = Debug|Any CPU
		{010FCEDA-EB48-4C6C-8BB1-BB195C252F7E}.Debug|Any CPU.Build.0 = Debug|Any CPU
		{010FCEDA-EB48-4C6C-8BB1-BB195C252F7E}.Release|Any CPU.ActiveCfg = Release|Any CPU
		{010FCEDA-EB48-4C6C-8BB1-BB195C252F7E}.Release|Any CPU.Build.0 = Release|Any CPU
	EndGlobalSection
	GlobalSection(SolutionProperties) = preSolution
		HideSolutionNode = FALSE
	EndGlobalSection
	GlobalSection(ExtensibilityGlobals) = postSolution
		SolutionGuid = {0CA5A682-4971-48CD-97BC-685897C92D0D}
	EndGlobalSection
EndGlobal
